
Microsoft Visual Studio Solution File, Format Version 12.00
# Visual Studio 14
VisualStudioVersion = 14.0.25420.1
MinimumVisualStudioVersion = 10.0.40219.1
Project("{FAE04EC0-301F-11D3-BF4B-00C04F79EFBC}") = "SampleSUT", "SampleSUT\SampleSUT.csproj", "{0BE42401-CAA9-4906-BB7E-D6D1B6CC915E}"
EndProject
Project("{FAE04EC0-301F-11D3-BF4B-00C04F79EFBC}") = "SampleSUT.Tests", "SampleSUT.Tests\SampleSUT.Tests.csproj", "{14BD5BA8-04C3-4371-86CE-C9043DA6B7A4}"
EndProject
Global
	GlobalSection(SolutionConfigurationPlatforms) = preSolution
		Debug|Any CPU = Debug|Any CPU
		Release|Any CPU = Release|Any CPU
	EndGlobalSection
	GlobalSection(ProjectConfigurationPlatforms) = postSolution
		{0BE42401-CAA9-4906-BB7E-D6D1B6CC915E}.Debug|Any CPU.ActiveCfg = Debug|Any CPU
		{0BE42401-CAA9-4906-BB7E-D6D1B6CC915E}.Debug|Any CPU.Build.0 = Debug|Any CPU
		{0BE42401-CAA9-4906-BB7E-D6D1B6CC915E}.Release|Any CPU.ActiveCfg = Release|Any CPU
		{0BE42401-CAA9-4906-BB7E-D6D1B6CC915E}.Release|Any CPU.Build.0 = Release|Any CPU
		{14BD5BA8-04C3-4371-86CE-C9043DA6B7A4}.Debug|Any CPU.ActiveCfg = Debug|Any CPU
		{14BD5BA8-04C3-4371-86CE-C9043DA6B7A4}.Debug|Any CPU.Build.0 = Debug|Any CPU
		{14BD5BA8-04C3-4371-86CE-C9043DA6B7A4}.Release|Any CPU.ActiveCfg = Release|Any CPU
		{14BD5BA8-04C3-4371-86CE-C9043DA6B7A4}.Release|Any CPU.Build.0 = Release|Any CPU
	EndGlobalSection
	GlobalSection(SolutionProperties) = preSolution
		HideSolutionNode = FALSE
	EndGlobalSection
EndGlobal
